// !$*UTF8*$!
{
	archiveVersion = 1;
	classes = {
	};
	objectVersion = 55;
	objects = {

/* Begin PBXBuildFile section */
		7F5B940F27A6B14400CDEFA0 /* WatchExper WatchKit App.app in Embed Watch Content */ = {isa = PBXBuildFile; fileRef = 7F5B940E27A6B14400CDEFA0 /* WatchExper WatchKit App.app */; settings = {ATTRIBUTES = (RemoveHeadersOnCopy, ); }; };
		7F5B941527A6B14400CDEFA0 /* Interface.storyboard in Resources */ = {isa = PBXBuildFile; fileRef = 7F5B941327A6B14400CDEFA0 /* Interface.storyboard */; };
		7F5B941727A6B14600CDEFA0 /* Assets.xcassets in Resources */ = {isa = PBXBuildFile; fileRef = 7F5B941627A6B14600CDEFA0 /* Assets.xcassets */; };
		7F5B941D27A6B14600CDEFA0 /* WatchExper WatchKit Extension.appex in Embed App Extensions */ = {isa = PBXBuildFile; fileRef = 7F5B941C27A6B14600CDEFA0 /* WatchExper WatchKit Extension.appex */; settings = {ATTRIBUTES = (RemoveHeadersOnCopy, ); }; };
		7F5B942227A6B14600CDEFA0 /* InterfaceController.swift in Sources */ = {isa = PBXBuildFile; fileRef = 7F5B942127A6B14600CDEFA0 /* InterfaceController.swift */; };
		7F5B942427A6B14600CDEFA0 /* ExtensionDelegate.swift in Sources */ = {isa = PBXBuildFile; fileRef = 7F5B942327A6B14600CDEFA0 /* ExtensionDelegate.swift */; };
		7F5B942627A6B14600CDEFA0 /* NotificationController.swift in Sources */ = {isa = PBXBuildFile; fileRef = 7F5B942527A6B14600CDEFA0 /* NotificationController.swift */; };
		7F5B942827A6B14600CDEFA0 /* ComplicationController.swift in Sources */ = {isa = PBXBuildFile; fileRef = 7F5B942727A6B14600CDEFA0 /* ComplicationController.swift */; };
		7F5B942A27A6B14700CDEFA0 /* Assets.xcassets in Resources */ = {isa = PBXBuildFile; fileRef = 7F5B942927A6B14700CDEFA0 /* Assets.xcassets */; };
/* End PBXBuildFile section */

/* Begin PBXContainerItemProxy section */
		7F5B941027A6B14400CDEFA0 /* PBXContainerItemProxy */ = {
			isa = PBXContainerItemProxy;
			containerPortal = 7F5B940427A6B14300CDEFA0 /* Project object */;
			proxyType = 1;
			remoteGlobalIDString = 7F5B940D27A6B14400CDEFA0;
			remoteInfo = "WatchExper WatchKit App";
		};
		7F5B941E27A6B14600CDEFA0 /* PBXContainerItemProxy */ = {
			isa = PBXContainerItemProxy;
			containerPortal = 7F5B940427A6B14300CDEFA0 /* Project object */;
			proxyType = 1;
			remoteGlobalIDString = 7F5B941B27A6B14600CDEFA0;
			remoteInfo = "WatchExper WatchKit Extension";
		};
/* End PBXContainerItemProxy section */

/* Begin PBXCopyFilesBuildPhase section */
		7F5B943227A6B14700CDEFA0 /* Embed App Extensions */ = {
			isa = PBXCopyFilesBuildPhase;
			buildActionMask = 2147483647;
			dstPath = "";
			dstSubfolderSpec = 13;
			files = (
				7F5B941D27A6B14600CDEFA0 /* WatchExper WatchKit Extension.appex in Embed App Extensions */,
			);
			name = "Embed App Extensions";
			runOnlyForDeploymentPostprocessing = 0;
		};
		7F5B943627A6B14700CDEFA0 /* Embed Watch Content */ = {
			isa = PBXCopyFilesBuildPhase;
			buildActionMask = 2147483647;
			dstPath = "$(CONTENTS_FOLDER_PATH)/Watch";
			dstSubfolderSpec = 16;
			files = (
				7F5B940F27A6B14400CDEFA0 /* WatchExper WatchKit App.app in Embed Watch Content */,
			);
			name = "Embed Watch Content";
			runOnlyForDeploymentPostprocessing = 0;
		};
/* End PBXCopyFilesBuildPhase section */

/* Begin PBXFileReference section */
		7F5B940A27A6B14300CDEFA0 /* WatchExper.app */ = {isa = PBXFileReference; explicitFileType = wrapper.application; includeInIndex = 0; path = WatchExper.app; sourceTree = BUILT_PRODUCTS_DIR; };
		7F5B940E27A6B14400CDEFA0 /* WatchExper WatchKit App.app */ = {isa = PBXFileReference; explicitFileType = wrapper.application; includeInIndex = 0; path = "WatchExper WatchKit App.app"; sourceTree = BUILT_PRODUCTS_DIR; };
		7F5B941427A6B14400CDEFA0 /* Base */ = {isa = PBXFileReference; lastKnownFileType = file.storyboard; name = Base; path = Base.lproj/Interface.storyboard; sourceTree = "<group>"; };
		7F5B941627A6B14600CDEFA0 /* Assets.xcassets */ = {isa = PBXFileReference; lastKnownFileType = folder.assetcatalog; path = Assets.xcassets; sourceTree = "<group>"; };
		7F5B941C27A6B14600CDEFA0 /* WatchExper WatchKit Extension.appex */ = {isa = PBXFileReference; explicitFileType = "wrapper.app-extension"; includeInIndex = 0; path = "WatchExper WatchKit Extension.appex"; sourceTree = BUILT_PRODUCTS_DIR; };
		7F5B942127A6B14600CDEFA0 /* InterfaceController.swift */ = {isa = PBXFileReference; lastKnownFileType = sourcecode.swift; path = InterfaceController.swift; sourceTree = "<group>"; };
		7F5B942327A6B14600CDEFA0 /* ExtensionDelegate.swift */ = {isa = PBXFileReference; lastKnownFileType = sourcecode.swift; path = ExtensionDelegate.swift; sourceTree = "<group>"; };
		7F5B942527A6B14600CDEFA0 /* NotificationController.swift */ = {isa = PBXFileReference; lastKnownFileType = sourcecode.swift; path = NotificationController.swift; sourceTree = "<group>"; };
		7F5B942727A6B14600CDEFA0 /* ComplicationController.swift */ = {isa = PBXFileReference; lastKnownFileType = sourcecode.swift; path = ComplicationController.swift; sourceTree = "<group>"; };
		7F5B942927A6B14700CDEFA0 /* Assets.xcassets */ = {isa = PBXFileReference; lastKnownFileType = folder.assetcatalog; path = Assets.xcassets; sourceTree = "<group>"; };
		7F5B942B27A6B14700CDEFA0 /* Info.plist */ = {isa = PBXFileReference; lastKnownFileType = text.plist.xml; path = Info.plist; sourceTree = "<group>"; };
		7F5B942C27A6B14700CDEFA0 /* PushNotificationPayload.apns */ = {isa = PBXFileReference; lastKnownFileType = text; path = PushNotificationPayload.apns; sourceTree = "<group>"; };
/* End PBXFileReference section */

/* Begin PBXFrameworksBuildPhase section */
		7F5B941927A6B14600CDEFA0 /* Frameworks */ = {
			isa = PBXFrameworksBuildPhase;
			buildActionMask = 2147483647;
			files = (
			);
			runOnlyForDeploymentPostprocessing = 0;
		};
/* End PBXFrameworksBuildPhase section */

/* Begin PBXGroup section */
		7F5B940327A6B14300CDEFA0 = {
			isa = PBXGroup;
			children = (
				7F5B941227A6B14400CDEFA0 /* WatchExper WatchKit App */,
				7F5B942027A6B14600CDEFA0 /* WatchExper WatchKit Extension */,
				7F5B940B27A6B14300CDEFA0 /* Products */,
			);
			sourceTree = "<group>";
		};
		7F5B940B27A6B14300CDEFA0 /* Products */ = {
			isa = PBXGroup;
			children = (
				7F5B940A27A6B14300CDEFA0 /* WatchExper.app */,
				7F5B940E27A6B14400CDEFA0 /* WatchExper WatchKit App.app */,
				7F5B941C27A6B14600CDEFA0 /* WatchExper WatchKit Extension.appex */,
			);
			name = Products;
			sourceTree = "<group>";
		};
		7F5B941227A6B14400CDEFA0 /* WatchExper WatchKit App */ = {
			isa = PBXGroup;
			children = (
				7F5B941327A6B14400CDEFA0 /* Interface.storyboard */,
				7F5B941627A6B14600CDEFA0 /* Assets.xcassets */,
			);
			path = "WatchExper WatchKit App";
			sourceTree = "<group>";
		};
		7F5B942027A6B14600CDEFA0 /* WatchExper WatchKit Extension */ = {
			isa = PBXGroup;
			children = (
				7F5B942127A6B14600CDEFA0 /* InterfaceController.swift */,
				7F5B942327A6B14600CDEFA0 /* ExtensionDelegate.swift */,
				7F5B942527A6B14600CDEFA0 /* NotificationController.swift */,
				7F5B942727A6B14600CDEFA0 /* ComplicationController.swift */,
				7F5B942927A6B14700CDEFA0 /* Assets.xcassets */,
				7F5B942B27A6B14700CDEFA0 /* Info.plist */,
				7F5B942C27A6B14700CDEFA0 /* PushNotificationPayload.apns */,
			);
			path = "WatchExper WatchKit Extension";
			sourceTree = "<group>";
		};
/* End PBXGroup section */

/* Begin PBXNativeTarget section */
		7F5B940927A6B14300CDEFA0 /* WatchExper */ = {
			isa = PBXNativeTarget;
			buildConfigurationList = 7F5B943727A6B14700CDEFA0 /* Build configuration list for PBXNativeTarget "WatchExper" */;
			buildPhases = (
				7F5B940827A6B14300CDEFA0 /* Resources */,
				7F5B943627A6B14700CDEFA0 /* Embed Watch Content */,
			);
			buildRules = (
			);
			dependencies = (
				7F5B941127A6B14400CDEFA0 /* PBXTargetDependency */,
			);
			name = WatchExper;
			productName = WatchExper;
			productReference = 7F5B940A27A6B14300CDEFA0 /* WatchExper.app */;
			productType = "com.apple.product-type.application.watchapp2-container";
		};
		7F5B940D27A6B14400CDEFA0 /* WatchExper WatchKit App */ = {
			isa = PBXNativeTarget;
			buildConfigurationList = 7F5B943327A6B14700CDEFA0 /* Build configuration list for PBXNativeTarget "WatchExper WatchKit App" */;
			buildPhases = (
				7F5B940C27A6B14400CDEFA0 /* Resources */,
				7F5B943227A6B14700CDEFA0 /* Embed App Extensions */,
			);
			buildRules = (
			);
			dependencies = (
				7F5B941F27A6B14600CDEFA0 /* PBXTargetDependency */,
			);
			name = "WatchExper WatchKit App";
			productName = "WatchExper WatchKit App";
			productReference = 7F5B940E27A6B14400CDEFA0 /* WatchExper WatchKit App.app */;
			productType = "com.apple.product-type.application.watchapp2";
		};
		7F5B941B27A6B14600CDEFA0 /* WatchExper WatchKit Extension */ = {
			isa = PBXNativeTarget;
			buildConfigurationList = 7F5B942F27A6B14700CDEFA0 /* Build configuration list for PBXNativeTarget "WatchExper WatchKit Extension" */;
			buildPhases = (
				7F5B941827A6B14600CDEFA0 /* Sources */,
				7F5B941927A6B14600CDEFA0 /* Frameworks */,
				7F5B941A27A6B14600CDEFA0 /* Resources */,
			);
			buildRules = (
			);
			dependencies = (
			);
			name = "WatchExper WatchKit Extension";
			productName = "WatchExper WatchKit Extension";
			productReference = 7F5B941C27A6B14600CDEFA0 /* WatchExper WatchKit Extension.appex */;
			productType = "com.apple.product-type.watchkit2-extension";
		};
/* End PBXNativeTarget section */

/* Begin PBXProject section */
		7F5B940427A6B14300CDEFA0 /* Project object */ = {
			isa = PBXProject;
			attributes = {
				BuildIndependentTargetsInParallel = 1;
				LastSwiftUpdateCheck = 1320;
				LastUpgradeCheck = 1320;
				TargetAttributes = {
					7F5B940927A6B14300CDEFA0 = {
						CreatedOnToolsVersion = 13.2.1;
					};
					7F5B940D27A6B14400CDEFA0 = {
						CreatedOnToolsVersion = 13.2.1;
					};
					7F5B941B27A6B14600CDEFA0 = {
						CreatedOnToolsVersion = 13.2.1;
					};
				};
			};
			buildConfigurationList = 7F5B940727A6B14300CDEFA0 /* Build configuration list for PBXProject "WatchExper" */;
			compatibilityVersion = "Xcode 13.0";
			developmentRegion = en;
			hasScannedForEncodings = 0;
			knownRegions = (
				en,
				Base,
			);
			mainGroup = 7F5B940327A6B14300CDEFA0;
			productRefGroup = 7F5B940B27A6B14300CDEFA0 /* Products */;
			projectDirPath = "";
			projectRoot = "";
			targets = (
				7F5B940927A6B14300CDEFA0 /* WatchExper */,
				7F5B940D27A6B14400CDEFA0 /* WatchExper WatchKit App */,
				7F5B941B27A6B14600CDEFA0 /* WatchExper WatchKit Extension */,
			);
		};
/* End PBXProject section */

/* Begin PBXResourcesBuildPhase section */
		7F5B940827A6B14300CDEFA0 /* Resources */ = {
			isa = PBXResourcesBuildPhase;
			buildActionMask = 2147483647;
			files = (
			);
			runOnlyForDeploymentPostprocessing = 0;
		};
		7F5B940C27A6B14400CDEFA0 /* Resources */ = {
			isa = PBXResourcesBuildPhase;
			buildActionMask = 2147483647;
			files = (
				7F5B941727A6B14600CDEFA0 /* Assets.xcassets in Resources */,
				7F5B941527A6B14400CDEFA0 /* Interface.storyboard in Resources */,
			);
			runOnlyForDeploymentPostprocessing = 0;
		};
		7F5B941A27A6B14600CDEFA0 /* Resources */ = {
			isa = PBXResourcesBuildPhase;
			buildActionMask = 2147483647;
			files = (
				7F5B942A27A6B14700CDEFA0 /* Assets.xcassets in Resources */,
			);
			runOnlyForDeploymentPostprocessing = 0;
		};
/* End PBXResourcesBuildPhase section */

/* Begin PBXSourcesBuildPhase section */
		7F5B941827A6B14600CDEFA0 /* Sources */ = {
			isa = PBXSourcesBuildPhase;
			buildActionMask = 2147483647;
			files = (
				7F5B942627A6B14600CDEFA0 /* NotificationController.swift in Sources */,
				7F5B942827A6B14600CDEFA0 /* ComplicationController.swift in Sources */,
				7F5B942427A6B14600CDEFA0 /* ExtensionDelegate.swift in Sources */,
				7F5B942227A6B14600CDEFA0 /* InterfaceController.swift in Sources */,
			);
			runOnlyForDeploymentPostprocessing = 0;
		};
/* End PBXSourcesBuildPhase section */

/* Begin PBXTargetDependency section */
		7F5B941127A6B14400CDEFA0 /* PBXTargetDependency */ = {
			isa = PBXTargetDependency;
			target = 7F5B940D27A6B14400CDEFA0 /* WatchExper WatchKit App */;
			targetProxy = 7F5B941027A6B14400CDEFA0 /* PBXContainerItemProxy */;
		};
		7F5B941F27A6B14600CDEFA0 /* PBXTargetDependency */ = {
			isa = PBXTargetDependency;
			target = 7F5B941B27A6B14600CDEFA0 /* WatchExper WatchKit Extension */;
			targetProxy = 7F5B941E27A6B14600CDEFA0 /* PBXContainerItemProxy */;
		};
/* End PBXTargetDependency section */

/* Begin PBXVariantGroup section */
		7F5B941327A6B14400CDEFA0 /* Interface.storyboard */ = {
			isa = PBXVariantGroup;
			children = (
				7F5B941427A6B14400CDEFA0 /* Base */,
			);
			name = Interface.storyboard;
			sourceTree = "<group>";
		};
/* End PBXVariantGroup section */

/* Begin XCBuildConfiguration section */
		7F5B942D27A6B14700CDEFA0 /* Debug */ = {
			isa = XCBuildConfiguration;
			buildSettings = {
				ALWAYS_SEARCH_USER_PATHS = NO;
				CLANG_ANALYZER_NONNULL = YES;
				CLANG_ANALYZER_NUMBER_OBJECT_CONVERSION = YES_AGGRESSIVE;
				CLANG_CXX_LANGUAGE_STANDARD = "gnu++17";
				CLANG_CXX_LIBRARY = "libc++";
				CLANG_ENABLE_MODULES = YES;
				CLANG_ENABLE_OBJC_ARC = YES;
				CLANG_ENABLE_OBJC_WEAK = YES;
				CLANG_WARN_BLOCK_CAPTURE_AUTORELEASING = YES;
				CLANG_WARN_BOOL_CONVERSION = YES;
				CLANG_WARN_COMMA = YES;
				CLANG_WARN_CONSTANT_CONVERSION = YES;
				CLANG_WARN_DEPRECATED_OBJC_IMPLEMENTATIONS = YES;
				CLANG_WARN_DIRECT_OBJC_ISA_USAGE = YES_ERROR;
				CLANG_WARN_DOCUMENTATION_COMMENTS = YES;
				CLANG_WARN_EMPTY_BODY = YES;
				CLANG_WARN_ENUM_CONVERSION = YES;
				CLANG_WARN_INFINITE_RECURSION = YES;
				CLANG_WARN_INT_CONVERSION = YES;
				CLANG_WARN_NON_LITERAL_NULL_CONVERSION = YES;
				CLANG_WARN_OBJC_IMPLICIT_RETAIN_SELF = YES;
				CLANG_WARN_OBJC_LITERAL_CONVERSION = YES;
				CLANG_WARN_OBJC_ROOT_CLASS = YES_ERROR;
				CLANG_WARN_QUOTED_INCLUDE_IN_FRAMEWORK_HEADER = YES;
				CLANG_WARN_RANGE_LOOP_ANALYSIS = YES;
				CLANG_WARN_STRICT_PROTOTYPES = YES;
				CLANG_WARN_SUSPICIOUS_MOVE = YES;
				CLANG_WARN_UNGUARDED_AVAILABILITY = YES_AGGRESSIVE;
				CLANG_WARN_UNREACHABLE_CODE = YES;
				CLANG_WARN__DUPLICATE_METHOD_MATCH = YES;
				COPY_PHASE_STRIP = NO;
				DEBUG_INFORMATION_FORMAT = dwarf;
				ENABLE_STRICT_OBJC_MSGSEND = YES;
				ENABLE_TESTABILITY = YES;
				GCC_C_LANGUAGE_STANDARD = gnu11;
				GCC_DYNAMIC_NO_PIC = NO;
				GCC_NO_COMMON_BLOCKS = YES;
				GCC_OPTIMIZATION_LEVEL = 0;
				GCC_PREPROCESSOR_DEFINITIONS = (
					"DEBUG=1",
					"$(inherited)",
				);
				GCC_WARN_64_TO_32_BIT_CONVERSION = YES;
				GCC_WARN_ABOUT_RETURN_TYPE = YES_ERROR;
				GCC_WARN_UNDECLARED_SELECTOR = YES;
				GCC_WARN_UNINITIALIZED_AUTOS = YES_AGGRESSIVE;
				GCC_WARN_UNUSED_FUNCTION = YES;
				GCC_WARN_UNUSED_VARIABLE = YES;
				MTL_ENABLE_DEBUG_INFO = INCLUDE_SOURCE;
				MTL_FAST_MATH = YES;
				ONLY_ACTIVE_ARCH = YES;
				SDKROOT = iphoneos;
				SWIFT_ACTIVE_COMPILATION_CONDITIONS = DEBUG;
				SWIFT_OPTIMIZATION_LEVEL = "-Onone";
			};
			name = Debug;
		};
		7F5B942E27A6B14700CDEFA0 /* Release */ = {
			isa = XCBuildConfiguration;
			buildSettings = {
				ALWAYS_SEARCH_USER_PATHS = NO;
				CLANG_ANALYZER_NONNULL = YES;
				CLANG_ANALYZER_NUMBER_OBJECT_CONVERSION = YES_AGGRESSIVE;
				CLANG_CXX_LANGUAGE_STANDARD = "gnu++17";
				CLANG_CXX_LIBRARY = "libc++";
				CLANG_ENABLE_MODULES = YES;
				CLANG_ENABLE_OBJC_ARC = YES;
				CLANG_ENABLE_OBJC_WEAK = YES;
				CLANG_WARN_BLOCK_CAPTURE_AUTORELEASING = YES;
				CLANG_WARN_BOOL_CONVERSION = YES;
				CLANG_WARN_COMMA = YES;
				CLANG_WARN_CONSTANT_CONVERSION = YES;
				CLANG_WARN_DEPRECATED_OBJC_IMPLEMENTATIONS = YES;
				CLANG_WARN_DIRECT_OBJC_ISA_USAGE = YES_ERROR;
				CLANG_WARN_DOCUMENTATION_COMMENTS = YES;
				CLANG_WARN_EMPTY_BODY = YES;
				CLANG_WARN_ENUM_CONVERSION = YES;
				CLANG_WARN_INFINITE_RECURSION = YES;
				CLANG_WARN_INT_CONVERSION = YES;
				CLANG_WARN_NON_LITERAL_NULL_CONVERSION = YES;
				CLANG_WARN_OBJC_IMPLICIT_RETAIN_SELF = YES;
				CLANG_WARN_OBJC_LITERAL_CONVERSION = YES;
				CLANG_WARN_OBJC_ROOT_CLASS = YES_ERROR;
				CLANG_WARN_QUOTED_INCLUDE_IN_FRAMEWORK_HEADER = YES;
				CLANG_WARN_RANGE_LOOP_ANALYSIS = YES;
				CLANG_WARN_STRICT_PROTOTYPES = YES;
				CLANG_WARN_SUSPICIOUS_MOVE = YES;
				CLANG_WARN_UNGUARDED_AVAILABILITY = YES_AGGRESSIVE;
				CLANG_WARN_UNREACHABLE_CODE = YES;
				CLANG_WARN__DUPLICATE_METHOD_MATCH = YES;
				COPY_PHASE_STRIP = NO;
				DEBUG_INFORMATION_FORMAT = "dwarf-with-dsym";
				ENABLE_NS_ASSERTIONS = NO;
				ENABLE_STRICT_OBJC_MSGSEND = YES;
				GCC_C_LANGUAGE_STANDARD = gnu11;
				GCC_NO_COMMON_BLOCKS = YES;
				GCC_WARN_64_TO_32_BIT_CONVERSION = YES;
				GCC_WARN_ABOUT_RETURN_TYPE = YES_ERROR;
				GCC_WARN_UNDECLARED_SELECTOR = YES;
				GCC_WARN_UNINITIALIZED_AUTOS = YES_AGGRESSIVE;
				GCC_WARN_UNUSED_FUNCTION = YES;
				GCC_WARN_UNUSED_VARIABLE = YES;
				MTL_ENABLE_DEBUG_INFO = NO;
				MTL_FAST_MATH = YES;
				SDKROOT = iphoneos;
				SWIFT_COMPILATION_MODE = wholemodule;
				SWIFT_OPTIMIZATION_LEVEL = "-O";
				VALIDATE_PRODUCT = YES;
			};
			name = Release;
		};
		7F5B943027A6B14700CDEFA0 /* Debug */ = {
			isa = XCBuildConfiguration;
			buildSettings = {
				ASSETCATALOG_COMPILER_COMPLICATION_NAME = Complication;
				CODE_SIGN_STYLE = Automatic;
				CURRENT_PROJECT_VERSION = 1;
				DEVELOPMENT_TEAM = WCY6LMWTDZ;
				GENERATE_INFOPLIST_FILE = YES;
				INFOPLIST_FILE = "WatchExper WatchKit Extension/Info.plist";
				INFOPLIST_KEY_CFBundleDisplayName = "WatchExper WatchKit Extension";
				INFOPLIST_KEY_CLKComplicationPrincipalClass = "$(PRODUCT_MODULE_NAME).ComplicationController";
				INFOPLIST_KEY_NSHumanReadableCopyright = "";
				INFOPLIST_KEY_WKExtensionDelegateClassName = "$(PRODUCT_MODULE_NAME).ExtensionDelegate";
				INFOPLIST_KEY_WKWatchOnly = YES;
				LD_RUNPATH_SEARCH_PATHS = (
					"$(inherited)",
					"@executable_path/Frameworks",
					"@executable_path/../../Frameworks",
				);
				MARKETING_VERSION = 1.0;
				PRODUCT_BUNDLE_IDENTIFIER = com.ExperimentApp.WatchExper.watchkitapp.watchkitextension;
				PRODUCT_NAME = "${TARGET_NAME}";
				SDKROOT = watchos;
				SKIP_INSTALL = YES;
				SWIFT_EMIT_LOC_STRINGS = YES;
				SWIFT_VERSION = 5.0;
				TARGETED_DEVICE_FAMILY = 4;
				WATCHOS_DEPLOYMENT_TARGET = 8.3;
			};
			name = Debug;
		};
		7F5B943127A6B14700CDEFA0 /* Release */ = {
			isa = XCBuildConfiguration;
			buildSettings = {
				ASSETCATALOG_COMPILER_COMPLICATION_NAME = Complication;
				CODE_SIGN_STYLE = Automatic;
				CURRENT_PROJECT_VERSION = 1;
				DEVELOPMENT_TEAM = WCY6LMWTDZ;
				GENERATE_INFOPLIST_FILE = YES;
				INFOPLIST_FILE = "WatchExper WatchKit Extension/Info.plist";
				INFOPLIST_KEY_CFBundleDisplayName = "WatchExper WatchKit Extension";
				INFOPLIST_KEY_CLKComplicationPrincipalClass = "$(PRODUCT_MODULE_NAME).ComplicationController";
				INFOPLIST_KEY_NSHumanReadableCopyright = "";
				INFOPLIST_KEY_WKExtensionDelegateClassName = "$(PRODUCT_MODULE_NAME).ExtensionDelegate";
				INFOPLIST_KEY_WKWatchOnly = YES;
				LD_RUNPATH_SEARCH_PATHS = (
					"$(inherited)",
					"@executable_path/Frameworks",
					"@executable_path/../../Frameworks",
				);
				MARKETING_VERSION = 1.0;
				PRODUCT_BUNDLE_IDENTIFIER = com.ExperimentApp.WatchExper.watchkitapp.watchkitextension;
				PRODUCT_NAME = "${TARGET_NAME}";
				SDKROOT = watchos;
				SKIP_INSTALL = YES;
				SWIFT_EMIT_LOC_STRINGS = YES;
				SWIFT_VERSION = 5.0;
				TARGETED_DEVICE_FAMILY = 4;
				WATCHOS_DEPLOYMENT_TARGET = 8.3;
			};
			name = Release;
		};
		7F5B943427A6B14700CDEFA0 /* Debug */ = {
			isa = XCBuildConfiguration;
			buildSettings = {
				ALWAYS_EMBED_SWIFT_STANDARD_LIBRARIES = YES;
				ASSETCATALOG_COMPILER_APPICON_NAME = AppIcon;
				ASSETCATALOG_COMPILER_GLOBAL_ACCENT_COLOR_NAME = AccentColor;
				CODE_SIGN_STYLE = Automatic;
				CURRENT_PROJECT_VERSION = 1;
				DEVELOPMENT_TEAM = WCY6LMWTDZ;
				GENERATE_INFOPLIST_FILE = YES;
				IBSC_MODULE = WatchExper_WatchKit_Extension;
				INFOPLIST_KEY_CFBundleDisplayName = "WatchExper WatchKit App";
				INFOPLIST_KEY_UISupportedInterfaceOrientations = "UIInterfaceOrientationPortrait UIInterfaceOrientationPortraitUpsideDown";
				MARKETING_VERSION = 1.0;
				PRODUCT_BUNDLE_IDENTIFIER = com.ExperimentApp.WatchExper.watchkitapp;
				PRODUCT_NAME = "$(TARGET_NAME)";
				SDKROOT = watchos;
				SKIP_INSTALL = YES;
				SWIFT_EMIT_LOC_STRINGS = YES;
				SWIFT_VERSION = 5.0;
				TARGETED_DEVICE_FAMILY = 4;
				WATCHOS_DEPLOYMENT_TARGET = 8.3;
			};
			name = Debug;
		};
		7F5B943527A6B14700CDEFA0 /* Release */ = {
			isa = XCBuildConfiguration;
			buildSettings = {
				ALWAYS_EMBED_SWIFT_STANDARD_LIBRARIES = YES;
				ASSETCATALOG_COMPILER_APPICON_NAME = AppIcon;
				ASSETCATALOG_COMPILER_GLOBAL_ACCENT_COLOR_NAME = AccentColor;
				CODE_SIGN_STYLE = Automatic;
				CURRENT_PROJECT_VERSION = 1;
				DEVELOPMENT_TEAM = WCY6LMWTDZ;
				GENERATE_INFOPLIST_FILE = YES;
				IBSC_MODULE = WatchExper_WatchKit_Extension;
				INFOPLIST_KEY_CFBundleDisplayName = "WatchExper WatchKit App";
				INFOPLIST_KEY_UISupportedInterfaceOrientations = "UIInterfaceOrientationPortrait UIInterfaceOrientationPortraitUpsideDown";
				MARKETING_VERSION = 1.0;
				PRODUCT_BUNDLE_IDENTIFIER = com.ExperimentApp.WatchExper.watchkitapp;
				PRODUCT_NAME = "$(TARGET_NAME)";
				SDKROOT = watchos;
				SKIP_INSTALL = YES;
				SWIFT_EMIT_LOC_STRINGS = YES;
				SWIFT_VERSION = 5.0;
				TARGETED_DEVICE_FAMILY = 4;
				WATCHOS_DEPLOYMENT_TARGET = 8.3;
			};
			name = Release;
		};
		7F5B943827A6B14700CDEFA0 /* Debug */ = {
			isa = XCBuildConfiguration;
			buildSettings = {
				CODE_SIGN_STYLE = Automatic;
				CURRENT_PROJECT_VERSION = 1;
				DEVELOPMENT_TEAM = WCY6LMWTDZ;
				MARKETING_VERSION = 1.0;
				PRODUCT_BUNDLE_IDENTIFIER = com.ExperimentApp.WatchExper;
				PRODUCT_NAME = "$(TARGET_NAME)";
				SWIFT_VERSION = 5.0;
			};
			name = Debug;
		};
		7F5B943927A6B14700CDEFA0 /* Release */ = {
			isa = XCBuildConfiguration;
			buildSettings = {
				CODE_SIGN_STYLE = Automatic;
				CURRENT_PROJECT_VERSION = 1;
				DEVELOPMENT_TEAM = WCY6LMWTDZ;
				MARKETING_VERSION = 1.0;
				PRODUCT_BUNDLE_IDENTIFIER = com.ExperimentApp.WatchExper;
				PRODUCT_NAME = "$(TARGET_NAME)";
				SWIFT_VERSION = 5.0;
			};
			name = Release;
		};
/* End XCBuildConfiguration section */

/* Begin XCConfigurationList section */
		7F5B940727A6B14300CDEFA0 /* Build configuration list for PBXProject "WatchExper" */ = {
			isa = XCConfigurationList;
			buildConfigurations = (
				7F5B942D27A6B14700CDEFA0 /* Debug */,
				7F5B942E27A6B14700CDEFA0 /* Release */,
			);
			defaultConfigurationIsVisible = 0;
			defaultConfigurationName = Release;
		};
		7F5B942F27A6B14700CDEFA0 /* Build configuration list for PBXNativeTarget "WatchExper WatchKit Extension" */ = {
			isa = XCConfigurationList;
			buildConfigurations = (
				7F5B943027A6B14700CDEFA0 /* Debug */,
				7F5B943127A6B14700CDEFA0 /* Release */,
			);
			defaultConfigurationIsVisible = 0;
			defaultConfigurationName = Release;
		};
		7F5B943327A6B14700CDEFA0 /* Build configuration list for PBXNativeTarget "WatchExper WatchKit App" */ = {
			isa = XCConfigurationList;
			buildConfigurations = (
				7F5B943427A6B14700CDEFA0 /* Debug */,
				7F5B943527A6B14700CDEFA0 /* Release */,
			);
			defaultConfigurationIsVisible = 0;
			defaultConfigurationName = Release;
		};
		7F5B943727A6B14700CDEFA0 /* Build configuration list for PBXNativeTarget "WatchExper" */ = {
			isa = XCConfigurationList;
			buildConfigurations = (
				7F5B943827A6B14700CDEFA0 /* Debug */,
				7F5B943927A6B14700CDEFA0 /* Release */,
			);
			defaultConfigurationIsVisible = 0;
			defaultConfigurationName = Release;
		};
/* End XCConfigurationList section */
	};
	rootObject = 7F5B940427A6B14300CDEFA0 /* Project object */;
}
